{
  "name": "redux-sync3k",
  "version": "0.0.0",
  "lockfileVersion": 1,
  "requires": true,
  "dependencies": {
    "@types/node": {
      "version": "8.0.15",
      "resolved": "https://registry.npmjs.org/@types/node/-/node-8.0.15.tgz",
      "integrity": "sha512-ASl21hskyMlYJkx11SqyWksFHZ0Eb8hiQK+VLZYRCpm99KcPj+JuO1rfVCM2kNKhKKpdR1DVlFrrOYiSeUeiIg=="
    },
    "@types/text-encoding": {
      "version": "0.0.31",
      "resolved": "https://registry.npmjs.org/@types/text-encoding/-/text-encoding-0.0.31.tgz",
      "integrity": "sha512-FUhp2hrqre0XEN3vHJPvuGIWB5FU7Ew8IMwa15tlFSrBcPjkHgMMlrqkvfR6PTbR97bdL7OztN1bOsZBO9vZ2w=="
    },
    "@types/uuid": {
      "version": "3.4.0",
      "resolved": "https://registry.npmjs.org/@types/uuid/-/uuid-3.4.0.tgz",
      "integrity": "sha512-Vd+WmnrQKrrfVJ+9LWyOWqlBQJFsfi8rhKRm3ag3ZrOjY5SmzZkGmxbkgRIk9jpZt4dpvE21cmbBSp1dCV7/fw==",
      "requires": {
        "@types/node": "8.0.15"
      }
    },
    "base64-js": {
      "version": "1.2.1",
      "resolved": "https://registry.npmjs.org/base64-js/-/base64-js-1.2.1.tgz",
      "integrity": "sha512-dwVUVIXsBZXwTuwnXI9RK8sBmgq09NDHzyR9SAph9eqk76gKK2JSQmZARC2zRC81JC2QTtxD0ARU5qTS25gIGw=="
    },
    "dexie": {
      "version": "1.5.1",
      "resolved": "https://registry.npmjs.org/dexie/-/dexie-1.5.1.tgz",
      "integrity": "sha1-rDrVoOuvfm5Cdg21hxBBjUp1ZiQ="
    },
    "js-tokens": {
      "version": "3.0.2",
      "resolved": "https://registry.npmjs.org/js-tokens/-/js-tokens-3.0.2.tgz",
      "integrity": "sha1-mGbfOVECEw449/mWvOtlRDIJwls=",
      "dev": true
    },
    "lodash": {
      "version": "4.17.4",
      "resolved": "https://registry.npmjs.org/lodash/-/lodash-4.17.4.tgz",
      "integrity": "sha1-eCA6TRwyiuHYbcpkYONptX9AVa4=",
      "dev": true
    },
    "lodash-es": {
      "version": "4.17.4",
      "resolved": "https://registry.npmjs.org/lodash-es/-/lodash-es-4.17.4.tgz",
      "integrity": "sha1-3MHXVS4VCgZABzupyzHXDwMpUOc=",
      "dev": true
    },
    "loose-envify": {
      "version": "1.3.1",
      "resolved": "https://registry.npmjs.org/loose-envify/-/loose-envify-1.3.1.tgz",
      "integrity": "sha1-0aitM/qc4OcT1l/dCsi3SNR4yEg=",
      "dev": true,
      "requires": {
        "js-tokens": "3.0.2"
      }
    },
    "redux": {
      "version": "3.7.2",
      "resolved": "https://registry.npmjs.org/redux/-/redux-3.7.2.tgz",
      "integrity": "sha512-pNqnf9q1hI5HHZRBkj3bAngGZW/JMCmexDlOxw4XagXY2o1327nHH54LoTjiPJ0gizoqPDRqWyX/00g0hD6w+A==",
      "dev": true,
      "requires": {
        "lodash": "4.17.4",
        "lodash-es": "4.17.4",
        "loose-envify": "1.3.1",
        "symbol-observable": "1.0.4"
      }
    },
    "redux-thunk": {
      "version": "2.2.0",
      "resolved": "https://registry.npmjs.org/redux-thunk/-/redux-thunk-2.2.0.tgz",
      "integrity": "sha1-5hWhbha0ehmlFXZhM9Hj6Zt4UuU="
    },
    "scrypt-async": {
      "version": "1.3.1",
      "resolved": "https://registry.npmjs.org/scrypt-async/-/scrypt-async-1.3.1.tgz",
      "integrity": "sha1-oR/W+smBtLgj7gHe4CIRaVAN2uk="
    },
    "symbol-observable": {
      "version": "1.0.4",
      "resolved": "https://registry.npmjs.org/symbol-observable/-/symbol-observable-1.0.4.tgz",
      "integrity": "sha1-Kb9hXUqnEhvdiYsi1LP5vE4qoD0=",
      "dev": true
    },
    "typescript": {
      "version": "2.4.2",
      "resolved": "https://registry.npmjs.org/typescript/-/typescript-2.4.2.tgz",
      "integrity": "sha1-+DlfhdRZJ2BnyYiqQYN6j4KHCEQ=",
      "dev": true
    },
    "uuid": {
      "version": "3.1.0",
      "resolved": "https://registry.npmjs.org/uuid/-/uuid-3.1.0.tgz",
      "integrity": "sha512-DIWtzUkw04M4k3bf1IcpS2tngXEL26YUD2M0tMDUpnUrz2hgzUBlD55a4FjdLGPvfHxS6uluGWvaVEqgBcVa+g=="
    }
  }
}
